
Microsoft Visual Studio Solution File, Format Version 12.00
# Visual Studio Version 17
VisualStudioVersion = 17.7.34031.279
MinimumVisualStudioVersion = 10.0.40219.1
Project("{9A19103F-16F7-4668-BE54-9A1E7A4F7556}") = "ToolBOX", "ToolBOX.csproj", "{A1875386-8A9A-47CE-BD1F-FED4141786F1}"
EndProject
Global
	GlobalSection(SolutionConfigurationPlatforms) = preSolution
		Debug|Any CPU = Debug|Any CPU
		Release|Any CPU = Release|Any CPU
	EndGlobalSection
	GlobalSection(ProjectConfigurationPlatforms) = postSolution
		{A1875386-8A9A-47CE-BD1F-FED4141786F1}.Debug|Any CPU.ActiveCfg = Debug|Any CPU
		{A1875386-8A9A-47CE-BD1F-FED4141786F1}.Debug|Any CPU.Build.0 = Debug|Any CPU
		{A1875386-8A9A-47CE-BD1F-FED4141786F1}.Release|Any CPU.ActiveCfg = Release|Any CPU
		{A1875386-8A9A-47CE-BD1F-FED4141786F1}.Release|Any CPU.Build.0 = Release|Any CPU
	EndGlobalSection
	GlobalSection(SolutionProperties) = preSolution
		HideSolutionNode = FALSE
	EndGlobalSection
	GlobalSection(ExtensibilityGlobals) = postSolution
		SolutionGuid = {04B663BA-4E04-43D3-A3DC-630C55D87BFF}
	EndGlobalSection
EndGlobal
